// !$*UTF8*$!
{
	archiveVersion = 1;
	classes = {
	};
	objectVersion = 56;
	objects = {

/* Begin PBXBuildFile section */
		FA3977D82A2CA2250040741F /* PositiveOneApp.swift in Sources */ = {isa = PBXBuildFile; fileRef = FA3977D72A2CA2250040741F /* PositiveOneApp.swift */; };
		FA3977DA2A2CA2250040741F /* ContentView.swift in Sources */ = {isa = PBXBuildFile; fileRef = FA3977D92A2CA2250040741F /* ContentView.swift */; };
		FA3977DC2A2CA2270040741F /* Assets.xcassets in Resources */ = {isa = PBXBuildFile; fileRef = FA3977DB2A2CA2270040741F /* Assets.xcassets */; };
		FA3977DF2A2CA2270040741F /* Preview Assets.xcassets in Resources */ = {isa = PBXBuildFile; fileRef = FA3977DE2A2CA2270040741F /* Preview Assets.xcassets */; };
		FA3977E92A2CA2E60040741F /* Color+Extension.swift in Sources */ = {isa = PBXBuildFile; fileRef = FA3977E82A2CA2E60040741F /* Color+Extension.swift */; };
		FA3977F52A2CA3060040741F /* gangwon.otf in Resources */ = {isa = PBXBuildFile; fileRef = FA3977EA2A2CA3050040741F /* gangwon.otf */; };
		FA3977F62A2CA3060040741F /* PretendardSemiBold.otf in Resources */ = {isa = PBXBuildFile; fileRef = FA3977EB2A2CA3050040741F /* PretendardSemiBold.otf */; };
		FA3977F72A2CA3060040741F /* PretendardLight.otf in Resources */ = {isa = PBXBuildFile; fileRef = FA3977EC2A2CA3050040741F /* PretendardLight.otf */; };
		FA3977F82A2CA3060040741F /* PretendardExtraBold.otf in Resources */ = {isa = PBXBuildFile; fileRef = FA3977ED2A2CA3050040741F /* PretendardExtraBold.otf */; };
		FA3977F92A2CA3060040741F /* PretendardExtraLight.otf in Resources */ = {isa = PBXBuildFile; fileRef = FA3977EE2A2CA3050040741F /* PretendardExtraLight.otf */; };
		FA3977FA2A2CA3060040741F /* CustomFont.swift in Sources */ = {isa = PBXBuildFile; fileRef = FA3977EF2A2CA3050040741F /* CustomFont.swift */; };
		FA3977FB2A2CA3060040741F /* PretendardMedium.otf in Resources */ = {isa = PBXBuildFile; fileRef = FA3977F02A2CA3050040741F /* PretendardMedium.otf */; };
		FA3977FC2A2CA3060040741F /* PretendardBold.otf in Resources */ = {isa = PBXBuildFile; fileRef = FA3977F12A2CA3050040741F /* PretendardBold.otf */; };
		FA3977FD2A2CA3060040741F /* PretendardThin.otf in Resources */ = {isa = PBXBuildFile; fileRef = FA3977F22A2CA3050040741F /* PretendardThin.otf */; };
		FA3977FE2A2CA3060040741F /* PretendardBlack.otf in Resources */ = {isa = PBXBuildFile; fileRef = FA3977F32A2CA3050040741F /* PretendardBlack.otf */; };
		FA3977FF2A2CA3060040741F /* PretendardRegular.otf in Resources */ = {isa = PBXBuildFile; fileRef = FA3977F42A2CA3050040741F /* PretendardRegular.otf */; };
		FA40B9772A3F13B30044FEFB /* CalendarRequest.swift in Sources */ = {isa = PBXBuildFile; fileRef = FA40B9762A3F13B30044FEFB /* CalendarRequest.swift */; };
		FA40B97A2A3F1D040044FEFB /* WritingViewModel.swift in Sources */ = {isa = PBXBuildFile; fileRef = FA40B9792A3F1D040044FEFB /* WritingViewModel.swift */; };
		FA40B97C2A3F1E250044FEFB /* PositiveOneResponse.swift in Sources */ = {isa = PBXBuildFile; fileRef = FA40B97B2A3F1E250044FEFB /* PositiveOneResponse.swift */; };
		FA418D4D2A38647B003A8D51 /* SettingsView.swift in Sources */ = {isa = PBXBuildFile; fileRef = FA418D4C2A38647B003A8D51 /* SettingsView.swift */; };
		FA418D502A38B215003A8D51 /* WritingView.swift in Sources */ = {isa = PBXBuildFile; fileRef = FA418D4F2A38B215003A8D51 /* WritingView.swift */; };
		FA41D3FE2A3FF272009822EE /* BoardResponse.swift in Sources */ = {isa = PBXBuildFile; fileRef = FA41D3FD2A3FF272009822EE /* BoardResponse.swift */; };
		FA41D4002A3FF7FD009822EE /* HapticManager.swift in Sources */ = {isa = PBXBuildFile; fileRef = FA41D3FF2A3FF7FD009822EE /* HapticManager.swift */; };
		FA43BA562A3C1BC200F8D5E2 /* CustomTabView.swift in Sources */ = {isa = PBXBuildFile; fileRef = FA43BA552A3C1BC200F8D5E2 /* CustomTabView.swift */; };
		FA43BA582A3C327A00F8D5E2 /* MyPositiveOneView.swift in Sources */ = {isa = PBXBuildFile; fileRef = FA43BA572A3C327A00F8D5E2 /* MyPositiveOneView.swift */; };
		FA43BA5A2A3C711A00F8D5E2 /* NavigationBackItem.swift in Sources */ = {isa = PBXBuildFile; fileRef = FA43BA592A3C711900F8D5E2 /* NavigationBackItem.swift */; };
		FA43BA5D2A3DE73000F8D5E2 /* LoginPopupView.swift in Sources */ = {isa = PBXBuildFile; fileRef = FA43BA5C2A3DE73000F8D5E2 /* LoginPopupView.swift */; };
		FA43BA5F2A3EBA4900F8D5E2 /* View+Extension.swift in Sources */ = {isa = PBXBuildFile; fileRef = FA43BA5E2A3EBA4900F8D5E2 /* View+Extension.swift */; };
		FA43BA622A3EF09600F8D5E2 /* KeyChain.swift in Sources */ = {isa = PBXBuildFile; fileRef = FA43BA612A3EF09600F8D5E2 /* KeyChain.swift */; };
		FA43BA642A3EF2BD00F8D5E2 /* LocalKey.swift in Sources */ = {isa = PBXBuildFile; fileRef = FA43BA632A3EF2BD00F8D5E2 /* LocalKey.swift */; };
		FA4C72272A3ACD53009D9E4F /* LockView.swift in Sources */ = {isa = PBXBuildFile; fileRef = FA4C72262A3ACD53009D9E4F /* LockView.swift */; };
		FA4C722A2A3ADB83009D9E4F /* UIApplication+Extension.swift in Sources */ = {isa = PBXBuildFile; fileRef = FA4C72292A3ADB83009D9E4F /* UIApplication+Extension.swift */; };
		FA4C722C2A3AE2E3009D9E4F /* BigStampView.swift in Sources */ = {isa = PBXBuildFile; fileRef = FA4C722B2A3AE2E3009D9E4F /* BigStampView.swift */; };
		FA4C722E2A3B05BA009D9E4F /* CalendarGridView.swift in Sources */ = {isa = PBXBuildFile; fileRef = FA4C722D2A3B05BA009D9E4F /* CalendarGridView.swift */; };
		FA57DE172A3EFE6A005EBEF8 /* CalendarViewModel.swift in Sources */ = {isa = PBXBuildFile; fileRef = FA57DE162A3EFE6A005EBEF8 /* CalendarViewModel.swift */; };
		FA57DE1A2A3EFEFD005EBEF8 /* CalendarListResponse.swift in Sources */ = {isa = PBXBuildFile; fileRef = FA57DE192A3EFEFD005EBEF8 /* CalendarListResponse.swift */; };
		FA6282662A32FEA900DC7BCB /* LoginViewModel.swift in Sources */ = {isa = PBXBuildFile; fileRef = FA6282652A32FEA900DC7BCB /* LoginViewModel.swift */; };
		FA6485FB2A3A955C009FD5AA /* TextEditorView.swift in Sources */ = {isa = PBXBuildFile; fileRef = FA6485FA2A3A955C009FD5AA /* TextEditorView.swift */; };
		FA6485FD2A3AA840009FD5AA /* StampSelectView.swift in Sources */ = {isa = PBXBuildFile; fileRef = FA6485FC2A3AA840009FD5AA /* StampSelectView.swift */; };
		FA6486002A3AA94F009FD5AA /* PositiveOneType.swift in Sources */ = {isa = PBXBuildFile; fileRef = FA6485FF2A3AA94F009FD5AA /* PositiveOneType.swift */; };
		FA73FC362A3365BF007A3DCF /* PositiveOneAPI.swift in Sources */ = {isa = PBXBuildFile; fileRef = FA73FC352A3365BF007A3DCF /* PositiveOneAPI.swift */; };
		FA73FC392A3374BD007A3DCF /* AppleLoginRequest.swift in Sources */ = {isa = PBXBuildFile; fileRef = FA73FC382A3374BD007A3DCF /* AppleLoginRequest.swift */; };
		FA77D6F72A31772300D4AF13 /* TabbarView.swift in Sources */ = {isa = PBXBuildFile; fileRef = FA77D6F62A31772300D4AF13 /* TabbarView.swift */; };
		FA77D6FF2A31B07A00D4AF13 /* CalendarManager.swift in Sources */ = {isa = PBXBuildFile; fileRef = FA77D6FE2A31B07A00D4AF13 /* CalendarManager.swift */; };
		FA77D7012A31B60200D4AF13 /* CalendarCell.swift in Sources */ = {isa = PBXBuildFile; fileRef = FA77D7002A31B60200D4AF13 /* CalendarCell.swift */; };
		FA77D7032A31BC3000D4AF13 /* CalendarView.swift in Sources */ = {isa = PBXBuildFile; fileRef = FA77D7022A31BC3000D4AF13 /* CalendarView.swift */; };
		FA77D7052A31D47300D4AF13 /* MonthTopView.swift in Sources */ = {isa = PBXBuildFile; fileRef = FA77D7042A31D47300D4AF13 /* MonthTopView.swift */; };
		FA77D7092A31DB5A00D4AF13 /* FeedView.swift in Sources */ = {isa = PBXBuildFile; fileRef = FA77D7082A31DB5A00D4AF13 /* FeedView.swift */; };
		FA7F5B492A2CAF930045528D /* LoginCharacterView.swift in Sources */ = {isa = PBXBuildFile; fileRef = FA7F5B482A2CAF930045528D /* LoginCharacterView.swift */; };
		FA7F5B4B2A2CB3600045528D /* LoginView.swift in Sources */ = {isa = PBXBuildFile; fileRef = FA7F5B4A2A2CB3600045528D /* LoginView.swift */; };
		FA8CA61B2A496A81005A6709 /* ReportAndHidePopupView.swift in Sources */ = {isa = PBXBuildFile; fileRef = FA8CA61A2A496A81005A6709 /* ReportAndHidePopupView.swift */; };
		FA8CA61D2A499924005A6709 /* HidePopupView.swift in Sources */ = {isa = PBXBuildFile; fileRef = FA8CA61C2A499924005A6709 /* HidePopupView.swift */; };
		FA8CA61F2A499959005A6709 /* ReportType.swift in Sources */ = {isa = PBXBuildFile; fileRef = FA8CA61E2A499959005A6709 /* ReportType.swift */; };
		FAD29B5A2A3702AB00940764 /* Encodable+Extension.swift in Sources */ = {isa = PBXBuildFile; fileRef = FAD29B592A3702AB00940764 /* Encodable+Extension.swift */; };
		FAD29B5C2A37045D00940764 /* AppleLoginResponse.swift in Sources */ = {isa = PBXBuildFile; fileRef = FAD29B5B2A37045D00940764 /* AppleLoginResponse.swift */; };
		FAD29B632A3741CB00940764 /* FeedRowView.swift in Sources */ = {isa = PBXBuildFile; fileRef = FAD29B622A3741CB00940764 /* FeedRowView.swift */; };
		FAD29B652A37570500940764 /* FeedResponse.swift in Sources */ = {isa = PBXBuildFile; fileRef = FAD29B642A37570500940764 /* FeedResponse.swift */; };
		FAD29B682A375B0500940764 /* Moya in Frameworks */ = {isa = PBXBuildFile; productRef = FAD29B672A375B0500940764 /* Moya */; };
		FAF4C9732A41EB85004F6F1A /* SortingType.swift in Sources */ = {isa = PBXBuildFile; fileRef = FAF4C9722A41EB85004F6F1A /* SortingType.swift */; };
		FAF4C9772A41F128004F6F1A /* FeedViewModel.swift in Sources */ = {isa = PBXBuildFile; fileRef = FAF4C9762A41F128004F6F1A /* FeedViewModel.swift */; };
/* End PBXBuildFile section */

/* Begin PBXFileReference section */
		FA3977D42A2CA2250040741F /* PositiveOne.app */ = {isa = PBXFileReference; explicitFileType = wrapper.application; includeInIndex = 0; path = PositiveOne.app; sourceTree = BUILT_PRODUCTS_DIR; };
		FA3977D72A2CA2250040741F /* PositiveOneApp.swift */ = {isa = PBXFileReference; lastKnownFileType = sourcecode.swift; path = PositiveOneApp.swift; sourceTree = "<group>"; };
		FA3977D92A2CA2250040741F /* ContentView.swift */ = {isa = PBXFileReference; lastKnownFileType = sourcecode.swift; path = ContentView.swift; sourceTree = "<group>"; };
		FA3977DB2A2CA2270040741F /* Assets.xcassets */ = {isa = PBXFileReference; lastKnownFileType = folder.assetcatalog; path = Assets.xcassets; sourceTree = "<group>"; };
		FA3977DE2A2CA2270040741F /* Preview Assets.xcassets */ = {isa = PBXFileReference; lastKnownFileType = folder.assetcatalog; path = "Preview Assets.xcassets"; sourceTree = "<group>"; };
		FA3977E82A2CA2E60040741F /* Color+Extension.swift */ = {isa = PBXFileReference; lastKnownFileType = sourcecode.swift; path = "Color+Extension.swift"; sourceTree = "<group>"; };
		FA3977EA2A2CA3050040741F /* gangwon.otf */ = {isa = PBXFileReference; lastKnownFileType = file; path = gangwon.otf; sourceTree = "<group>"; };
		FA3977EB2A2CA3050040741F /* PretendardSemiBold.otf */ = {isa = PBXFileReference; lastKnownFileType = file; path = PretendardSemiBold.otf; sourceTree = "<group>"; };
		FA3977EC2A2CA3050040741F /* PretendardLight.otf */ = {isa = PBXFileReference; lastKnownFileType = file; path = PretendardLight.otf; sourceTree = "<group>"; };
		FA3977ED2A2CA3050040741F /* PretendardExtraBold.otf */ = {isa = PBXFileReference; lastKnownFileType = file; path = PretendardExtraBold.otf; sourceTree = "<group>"; };
		FA3977EE2A2CA3050040741F /* PretendardExtraLight.otf */ = {isa = PBXFileReference; lastKnownFileType = file; path = PretendardExtraLight.otf; sourceTree = "<group>"; };
		FA3977EF2A2CA3050040741F /* CustomFont.swift */ = {isa = PBXFileReference; fileEncoding = 4; lastKnownFileType = sourcecode.swift; path = CustomFont.swift; sourceTree = "<group>"; };
		FA3977F02A2CA3050040741F /* PretendardMedium.otf */ = {isa = PBXFileReference; lastKnownFileType = file; path = PretendardMedium.otf; sourceTree = "<group>"; };
		FA3977F12A2CA3050040741F /* PretendardBold.otf */ = {isa = PBXFileReference; lastKnownFileType = file; path = PretendardBold.otf; sourceTree = "<group>"; };
		FA3977F22A2CA3050040741F /* PretendardThin.otf */ = {isa = PBXFileReference; lastKnownFileType = file; path = PretendardThin.otf; sourceTree = "<group>"; };
		FA3977F32A2CA3050040741F /* PretendardBlack.otf */ = {isa = PBXFileReference; lastKnownFileType = file; path = PretendardBlack.otf; sourceTree = "<group>"; };
		FA3977F42A2CA3050040741F /* PretendardRegular.otf */ = {isa = PBXFileReference; lastKnownFileType = file; path = PretendardRegular.otf; sourceTree = "<group>"; };
		FA40B9762A3F13B30044FEFB /* CalendarRequest.swift */ = {isa = PBXFileReference; lastKnownFileType = sourcecode.swift; path = CalendarRequest.swift; sourceTree = "<group>"; };
		FA40B9792A3F1D040044FEFB /* WritingViewModel.swift */ = {isa = PBXFileReference; lastKnownFileType = sourcecode.swift; path = WritingViewModel.swift; sourceTree = "<group>"; };
		FA40B97B2A3F1E250044FEFB /* PositiveOneResponse.swift */ = {isa = PBXFileReference; lastKnownFileType = sourcecode.swift; path = PositiveOneResponse.swift; sourceTree = "<group>"; };
		FA418D4C2A38647B003A8D51 /* SettingsView.swift */ = {isa = PBXFileReference; lastKnownFileType = sourcecode.swift; path = SettingsView.swift; sourceTree = "<group>"; };
		FA418D4F2A38B215003A8D51 /* WritingView.swift */ = {isa = PBXFileReference; lastKnownFileType = sourcecode.swift; path = WritingView.swift; sourceTree = "<group>"; };
		FA41D3FD2A3FF272009822EE /* BoardResponse.swift */ = {isa = PBXFileReference; lastKnownFileType = sourcecode.swift; path = BoardResponse.swift; sourceTree = "<group>"; };
		FA41D3FF2A3FF7FD009822EE /* HapticManager.swift */ = {isa = PBXFileReference; lastKnownFileType = sourcecode.swift; path = HapticManager.swift; sourceTree = "<group>"; };
		FA43BA552A3C1BC200F8D5E2 /* CustomTabView.swift */ = {isa = PBXFileReference; lastKnownFileType = sourcecode.swift; path = CustomTabView.swift; sourceTree = "<group>"; };
		FA43BA572A3C327A00F8D5E2 /* MyPositiveOneView.swift */ = {isa = PBXFileReference; lastKnownFileType = sourcecode.swift; path = MyPositiveOneView.swift; sourceTree = "<group>"; };
		FA43BA592A3C711900F8D5E2 /* NavigationBackItem.swift */ = {isa = PBXFileReference; lastKnownFileType = sourcecode.swift; path = NavigationBackItem.swift; sourceTree = "<group>"; };
		FA43BA5C2A3DE73000F8D5E2 /* LoginPopupView.swift */ = {isa = PBXFileReference; lastKnownFileType = sourcecode.swift; path = LoginPopupView.swift; sourceTree = "<group>"; };
		FA43BA5E2A3EBA4900F8D5E2 /* View+Extension.swift */ = {isa = PBXFileReference; lastKnownFileType = sourcecode.swift; path = "View+Extension.swift"; sourceTree = "<group>"; };
		FA43BA612A3EF09600F8D5E2 /* KeyChain.swift */ = {isa = PBXFileReference; lastKnownFileType = sourcecode.swift; path = KeyChain.swift; sourceTree = "<group>"; };
		FA43BA632A3EF2BD00F8D5E2 /* LocalKey.swift */ = {isa = PBXFileReference; lastKnownFileType = sourcecode.swift; path = LocalKey.swift; sourceTree = "<group>"; };
		FA4C72262A3ACD53009D9E4F /* LockView.swift */ = {isa = PBXFileReference; lastKnownFileType = sourcecode.swift; path = LockView.swift; sourceTree = "<group>"; };
		FA4C72292A3ADB83009D9E4F /* UIApplication+Extension.swift */ = {isa = PBXFileReference; lastKnownFileType = sourcecode.swift; path = "UIApplication+Extension.swift"; sourceTree = "<group>"; };
		FA4C722B2A3AE2E3009D9E4F /* BigStampView.swift */ = {isa = PBXFileReference; lastKnownFileType = sourcecode.swift; path = BigStampView.swift; sourceTree = "<group>"; };
		FA4C722D2A3B05BA009D9E4F /* CalendarGridView.swift */ = {isa = PBXFileReference; lastKnownFileType = sourcecode.swift; path = CalendarGridView.swift; sourceTree = "<group>"; };
		FA57DE162A3EFE6A005EBEF8 /* CalendarViewModel.swift */ = {isa = PBXFileReference; lastKnownFileType = sourcecode.swift; path = CalendarViewModel.swift; sourceTree = "<group>"; };
		FA57DE192A3EFEFD005EBEF8 /* CalendarListResponse.swift */ = {isa = PBXFileReference; lastKnownFileType = sourcecode.swift; path = CalendarListResponse.swift; sourceTree = "<group>"; };
		FA6282632A32E7CC00DC7BCB /* PositiveOne.entitlements */ = {isa = PBXFileReference; lastKnownFileType = text.plist.entitlements; path = PositiveOne.entitlements; sourceTree = "<group>"; };
		FA6282652A32FEA900DC7BCB /* LoginViewModel.swift */ = {isa = PBXFileReference; lastKnownFileType = sourcecode.swift; path = LoginViewModel.swift; sourceTree = "<group>"; };
		FA6485FA2A3A955C009FD5AA /* TextEditorView.swift */ = {isa = PBXFileReference; lastKnownFileType = sourcecode.swift; path = TextEditorView.swift; sourceTree = "<group>"; };
		FA6485FC2A3AA840009FD5AA /* StampSelectView.swift */ = {isa = PBXFileReference; lastKnownFileType = sourcecode.swift; path = StampSelectView.swift; sourceTree = "<group>"; };
		FA6485FF2A3AA94F009FD5AA /* PositiveOneType.swift */ = {isa = PBXFileReference; lastKnownFileType = sourcecode.swift; path = PositiveOneType.swift; sourceTree = "<group>"; };
		FA73FC352A3365BF007A3DCF /* PositiveOneAPI.swift */ = {isa = PBXFileReference; lastKnownFileType = sourcecode.swift; path = PositiveOneAPI.swift; sourceTree = "<group>"; };
		FA73FC382A3374BD007A3DCF /* AppleLoginRequest.swift */ = {isa = PBXFileReference; lastKnownFileType = sourcecode.swift; path = AppleLoginRequest.swift; sourceTree = "<group>"; };
		FA77D6F62A31772300D4AF13 /* TabbarView.swift */ = {isa = PBXFileReference; lastKnownFileType = sourcecode.swift; path = TabbarView.swift; sourceTree = "<group>"; };
		FA77D6FE2A31B07A00D4AF13 /* CalendarManager.swift */ = {isa = PBXFileReference; lastKnownFileType = sourcecode.swift; path = CalendarManager.swift; sourceTree = "<group>"; };
		FA77D7002A31B60200D4AF13 /* CalendarCell.swift */ = {isa = PBXFileReference; lastKnownFileType = sourcecode.swift; path = CalendarCell.swift; sourceTree = "<group>"; };
		FA77D7022A31BC3000D4AF13 /* CalendarView.swift */ = {isa = PBXFileReference; lastKnownFileType = sourcecode.swift; path = CalendarView.swift; sourceTree = "<group>"; };
		FA77D7042A31D47300D4AF13 /* MonthTopView.swift */ = {isa = PBXFileReference; lastKnownFileType = sourcecode.swift; path = MonthTopView.swift; sourceTree = "<group>"; };
		FA77D7082A31DB5A00D4AF13 /* FeedView.swift */ = {isa = PBXFileReference; lastKnownFileType = sourcecode.swift; path = FeedView.swift; sourceTree = "<group>"; };
		FA7F5B482A2CAF930045528D /* LoginCharacterView.swift */ = {isa = PBXFileReference; lastKnownFileType = sourcecode.swift; path = LoginCharacterView.swift; sourceTree = "<group>"; };
		FA7F5B4A2A2CB3600045528D /* LoginView.swift */ = {isa = PBXFileReference; lastKnownFileType = sourcecode.swift; path = LoginView.swift; sourceTree = "<group>"; };
		FA8CA61A2A496A81005A6709 /* ReportAndHidePopupView.swift */ = {isa = PBXFileReference; lastKnownFileType = sourcecode.swift; path = ReportAndHidePopupView.swift; sourceTree = "<group>"; };
		FA8CA61C2A499924005A6709 /* HidePopupView.swift */ = {isa = PBXFileReference; lastKnownFileType = sourcecode.swift; path = HidePopupView.swift; sourceTree = "<group>"; };
		FA8CA61E2A499959005A6709 /* ReportType.swift */ = {isa = PBXFileReference; lastKnownFileType = sourcecode.swift; path = ReportType.swift; sourceTree = "<group>"; };
		FAD29B592A3702AB00940764 /* Encodable+Extension.swift */ = {isa = PBXFileReference; lastKnownFileType = sourcecode.swift; path = "Encodable+Extension.swift"; sourceTree = "<group>"; };
		FAD29B5B2A37045D00940764 /* AppleLoginResponse.swift */ = {isa = PBXFileReference; lastKnownFileType = sourcecode.swift; path = AppleLoginResponse.swift; sourceTree = "<group>"; };
		FAD29B622A3741CB00940764 /* FeedRowView.swift */ = {isa = PBXFileReference; lastKnownFileType = sourcecode.swift; path = FeedRowView.swift; sourceTree = "<group>"; };
		FAD29B642A37570500940764 /* FeedResponse.swift */ = {isa = PBXFileReference; lastKnownFileType = sourcecode.swift; path = FeedResponse.swift; sourceTree = "<group>"; };
		FAF4C9722A41EB85004F6F1A /* SortingType.swift */ = {isa = PBXFileReference; lastKnownFileType = sourcecode.swift; path = SortingType.swift; sourceTree = "<group>"; };
		FAF4C9762A41F128004F6F1A /* FeedViewModel.swift */ = {isa = PBXFileReference; lastKnownFileType = sourcecode.swift; path = FeedViewModel.swift; sourceTree = "<group>"; };
/* End PBXFileReference section */

/* Begin PBXFrameworksBuildPhase section */
		FA3977D12A2CA2250040741F /* Frameworks */ = {
			isa = PBXFrameworksBuildPhase;
			buildActionMask = 2147483647;
			files = (
				FAD29B682A375B0500940764 /* Moya in Frameworks */,
			);
			runOnlyForDeploymentPostprocessing = 0;
		};
/* End PBXFrameworksBuildPhase section */

/* Begin PBXGroup section */
		FA3977CB2A2CA2250040741F = {
			isa = PBXGroup;
			children = (
				FA3977D62A2CA2250040741F /* PositiveOne */,
				FA3977D52A2CA2250040741F /* Products */,
			);
			sourceTree = "<group>";
		};
		FA3977D52A2CA2250040741F /* Products */ = {
			isa = PBXGroup;
			children = (
				FA3977D42A2CA2250040741F /* PositiveOne.app */,
			);
			name = Products;
			sourceTree = "<group>";
		};
		FA3977D62A2CA2250040741F /* PositiveOne */ = {
			isa = PBXGroup;
			children = (
				FA6282632A32E7CC00DC7BCB /* PositiveOne.entitlements */,
				FA73FC342A3365A6007A3DCF /* Network */,
				FA43BA602A3EF08700F8D5E2 /* Common */,
				FA43BA5B2A3DE6D200F8D5E2 /* PopUp */,
				FA418D4E2A38B208003A8D51 /* Writing */,
				FA418D4A2A386463003A8D51 /* Settings */,
				FA77D7062A31DB3F00D4AF13 /* Feed */,
				FA77D6F82A31A97900D4AF13 /* Calendar */,
				FA77D6F52A31770800D4AF13 /* Tab */,
				FA7F5B462A2CAF6D0045528D /* Login */,
				FA3977E52A2CA2C80040741F /* Resources */,
				FA3977D72A2CA2250040741F /* PositiveOneApp.swift */,
				FA3977D92A2CA2250040741F /* ContentView.swift */,
				FA3977DB2A2CA2270040741F /* Assets.xcassets */,
				FA3977DD2A2CA2270040741F /* Preview Content */,
			);
			path = PositiveOne;
			sourceTree = "<group>";
		};
		FA3977DD2A2CA2270040741F /* Preview Content */ = {
			isa = PBXGroup;
			children = (
				FA3977DE2A2CA2270040741F /* Preview Assets.xcassets */,
			);
			path = "Preview Content";
			sourceTree = "<group>";
		};
		FA3977E52A2CA2C80040741F /* Resources */ = {
			isa = PBXGroup;
			children = (
				FA3977E72A2CA2D40040741F /* Extensions */,
				FA3977E62A2CA2CE0040741F /* Fonts */,
			);
			path = Resources;
			sourceTree = "<group>";
		};
		FA3977E62A2CA2CE0040741F /* Fonts */ = {
			isa = PBXGroup;
			children = (
				FA3977EF2A2CA3050040741F /* CustomFont.swift */,
				FA3977EA2A2CA3050040741F /* gangwon.otf */,
				FA3977F32A2CA3050040741F /* PretendardBlack.otf */,
				FA3977F12A2CA3050040741F /* PretendardBold.otf */,
				FA3977ED2A2CA3050040741F /* PretendardExtraBold.otf */,
				FA3977EE2A2CA3050040741F /* PretendardExtraLight.otf */,
				FA3977EC2A2CA3050040741F /* PretendardLight.otf */,
				FA3977F02A2CA3050040741F /* PretendardMedium.otf */,
				FA3977F42A2CA3050040741F /* PretendardRegular.otf */,
				FA3977EB2A2CA3050040741F /* PretendardSemiBold.otf */,
				FA3977F22A2CA3050040741F /* PretendardThin.otf */,
			);
			path = Fonts;
			sourceTree = "<group>";
		};
		FA3977E72A2CA2D40040741F /* Extensions */ = {
			isa = PBXGroup;
			children = (
				FA3977E82A2CA2E60040741F /* Color+Extension.swift */,
				FAD29B592A3702AB00940764 /* Encodable+Extension.swift */,
				FA4C72292A3ADB83009D9E4F /* UIApplication+Extension.swift */,
				FA43BA5E2A3EBA4900F8D5E2 /* View+Extension.swift */,
			);
			path = Extensions;
			sourceTree = "<group>";
		};
		FA40B9782A3F1CF20044FEFB /* ViewModel */ = {
			isa = PBXGroup;
			children = (
				FA40B9792A3F1D040044FEFB /* WritingViewModel.swift */,
			);
			path = ViewModel;
			sourceTree = "<group>";
		};
		FA418D4A2A386463003A8D51 /* Settings */ = {
			isa = PBXGroup;
			children = (
				FA418D4C2A38647B003A8D51 /* SettingsView.swift */,
			);
			path = Settings;
			sourceTree = "<group>";
		};
		FA418D4E2A38B208003A8D51 /* Writing */ = {
			isa = PBXGroup;
			children = (
				FA40B9782A3F1CF20044FEFB /* ViewModel */,
				FA4C72282A3AD4D4009D9E4F /* Views */,
			);
			path = Writing;
			sourceTree = "<group>";
		};
		FA43BA5B2A3DE6D200F8D5E2 /* PopUp */ = {
			isa = PBXGroup;
			children = (
				FA43BA5C2A3DE73000F8D5E2 /* LoginPopupView.swift */,
				FA8CA61A2A496A81005A6709 /* ReportAndHidePopupView.swift */,
				FA8CA61C2A499924005A6709 /* HidePopupView.swift */,
			);
			path = PopUp;
			sourceTree = "<group>";
		};
		FA43BA602A3EF08700F8D5E2 /* Common */ = {
			isa = PBXGroup;
			children = (
				FA6485FE2A3AA929009FD5AA /* Model */,
				FA43BA612A3EF09600F8D5E2 /* KeyChain.swift */,
				FA43BA632A3EF2BD00F8D5E2 /* LocalKey.swift */,
				FA41D3FF2A3FF7FD009822EE /* HapticManager.swift */,
			);
			path = Common;
			sourceTree = "<group>";
		};
		FA4C72282A3AD4D4009D9E4F /* Views */ = {
			isa = PBXGroup;
			children = (
				FA418D4F2A38B215003A8D51 /* WritingView.swift */,
				FA6485FA2A3A955C009FD5AA /* TextEditorView.swift */,
				FA6485FC2A3AA840009FD5AA /* StampSelectView.swift */,
				FA4C72262A3ACD53009D9E4F /* LockView.swift */,
				FA4C722B2A3AE2E3009D9E4F /* BigStampView.swift */,
			);
			path = Views;
			sourceTree = "<group>";
		};
		FA57DE152A3EFE51005EBEF8 /* ViewModel */ = {
			isa = PBXGroup;
			children = (
				FA57DE162A3EFE6A005EBEF8 /* CalendarViewModel.swift */,
			);
			path = ViewModel;
			sourceTree = "<group>";
		};
		FA57DE182A3EFEDC005EBEF8 /* Calendar */ = {
			isa = PBXGroup;
			children = (
				FA57DE192A3EFEFD005EBEF8 /* CalendarListResponse.swift */,
				FA40B9762A3F13B30044FEFB /* CalendarRequest.swift */,
				FA41D3FD2A3FF272009822EE /* BoardResponse.swift */,
			);
			path = Calendar;
			sourceTree = "<group>";
		};
		FA6282642A32E7F000DC7BCB /* ViewModels */ = {
			isa = PBXGroup;
			children = (
				FA6282652A32FEA900DC7BCB /* LoginViewModel.swift */,
			);
			path = ViewModels;
			sourceTree = "<group>";
		};
		FA6485FE2A3AA929009FD5AA /* Model */ = {
			isa = PBXGroup;
			children = (
				FA6485FF2A3AA94F009FD5AA /* PositiveOneType.swift */,
				FA43BA592A3C711900F8D5E2 /* NavigationBackItem.swift */,
				FA8CA61E2A499959005A6709 /* ReportType.swift */,
			);
			path = Model;
			sourceTree = "<group>";
		};
		FA73FC342A3365A6007A3DCF /* Network */ = {
			isa = PBXGroup;
			children = (
				FAF4C9742A41EB99004F6F1A /* Feed */,
				FA57DE182A3EFEDC005EBEF8 /* Calendar */,
				FA73FC352A3365BF007A3DCF /* PositiveOneAPI.swift */,
				FA73FC372A3374A3007A3DCF /* Login */,
				FA40B97B2A3F1E250044FEFB /* PositiveOneResponse.swift */,
			);
			path = Network;
			sourceTree = "<group>";
		};
		FA73FC372A3374A3007A3DCF /* Login */ = {
			isa = PBXGroup;
			children = (
				FA73FC382A3374BD007A3DCF /* AppleLoginRequest.swift */,
				FAD29B5B2A37045D00940764 /* AppleLoginResponse.swift */,
			);
			path = Login;
			sourceTree = "<group>";
		};
		FA77D6F52A31770800D4AF13 /* Tab */ = {
			isa = PBXGroup;
			children = (
				FA77D6F62A31772300D4AF13 /* TabbarView.swift */,
				FA43BA552A3C1BC200F8D5E2 /* CustomTabView.swift */,
			);
			path = Tab;
			sourceTree = "<group>";
		};
		FA77D6F82A31A97900D4AF13 /* Calendar */ = {
			isa = PBXGroup;
			children = (
				FA77D6FE2A31B07A00D4AF13 /* CalendarManager.swift */,
				FA57DE152A3EFE51005EBEF8 /* ViewModel */,
				FA77D6F92A31A98700D4AF13 /* Views */,
			);
			path = Calendar;
			sourceTree = "<group>";
		};
		FA77D6F92A31A98700D4AF13 /* Views */ = {
			isa = PBXGroup;
			children = (
				FA77D7022A31BC3000D4AF13 /* CalendarView.swift */,
				FA77D7042A31D47300D4AF13 /* MonthTopView.swift */,
				FA4C722D2A3B05BA009D9E4F /* CalendarGridView.swift */,
				FA77D7002A31B60200D4AF13 /* CalendarCell.swift */,
				FA43BA572A3C327A00F8D5E2 /* MyPositiveOneView.swift */,
			);
			path = Views;
			sourceTree = "<group>";
		};
		FA77D7062A31DB3F00D4AF13 /* Feed */ = {
			isa = PBXGroup;
			children = (
				FAF4C9752A41F119004F6F1A /* ViewModel */,
				FAF4C9712A41EB6F004F6F1A /* Model */,
				FA77D7072A31DB4300D4AF13 /* Views */,
			);
			path = Feed;
			sourceTree = "<group>";
		};
		FA77D7072A31DB4300D4AF13 /* Views */ = {
			isa = PBXGroup;
			children = (
				FA77D7082A31DB5A00D4AF13 /* FeedView.swift */,
				FAD29B622A3741CB00940764 /* FeedRowView.swift */,
			);
			path = Views;
			sourceTree = "<group>";
		};
		FA7F5B462A2CAF6D0045528D /* Login */ = {
			isa = PBXGroup;
			children = (
				FA6282642A32E7F000DC7BCB /* ViewModels */,
				FA7F5B472A2CAF730045528D /* Views */,
			);
			path = Login;
			sourceTree = "<group>";
		};
		FA7F5B472A2CAF730045528D /* Views */ = {
			isa = PBXGroup;
			children = (
				FA7F5B4A2A2CB3600045528D /* LoginView.swift */,
				FA7F5B482A2CAF930045528D /* LoginCharacterView.swift */,
			);
			path = Views;
			sourceTree = "<group>";
		};
		FAF4C9712A41EB6F004F6F1A /* Model */ = {
			isa = PBXGroup;
			children = (
				FAF4C9722A41EB85004F6F1A /* SortingType.swift */,
			);
			path = Model;
			sourceTree = "<group>";
		};
		FAF4C9742A41EB99004F6F1A /* Feed */ = {
			isa = PBXGroup;
			children = (
				FAD29B642A37570500940764 /* FeedResponse.swift */,
			);
			path = Feed;
			sourceTree = "<group>";
		};
		FAF4C9752A41F119004F6F1A /* ViewModel */ = {
			isa = PBXGroup;
			children = (
				FAF4C9762A41F128004F6F1A /* FeedViewModel.swift */,
			);
			path = ViewModel;
			sourceTree = "<group>";
		};
/* End PBXGroup section */

/* Begin PBXNativeTarget section */
		FA3977D32A2CA2250040741F /* PositiveOne */ = {
			isa = PBXNativeTarget;
			buildConfigurationList = FA3977E22A2CA2270040741F /* Build configuration list for PBXNativeTarget "PositiveOne" */;
			buildPhases = (
				FA3977D02A2CA2250040741F /* Sources */,
				FA3977D12A2CA2250040741F /* Frameworks */,
				FA3977D22A2CA2250040741F /* Resources */,
			);
			buildRules = (
			);
			dependencies = (
			);
			name = PositiveOne;
			packageProductDependencies = (
				FAD29B672A375B0500940764 /* Moya */,
			);
			productName = PositiveOne;
			productReference = FA3977D42A2CA2250040741F /* PositiveOne.app */;
			productType = "com.apple.product-type.application";
		};
/* End PBXNativeTarget section */

/* Begin PBXProject section */
		FA3977CC2A2CA2250040741F /* Project object */ = {
			isa = PBXProject;
			attributes = {
				BuildIndependentTargetsInParallel = 1;
				LastSwiftUpdateCheck = 1420;
				LastUpgradeCheck = 1420;
				TargetAttributes = {
					FA3977D32A2CA2250040741F = {
						CreatedOnToolsVersion = 14.2;
					};
				};
			};
			buildConfigurationList = FA3977CF2A2CA2250040741F /* Build configuration list for PBXProject "PositiveOne" */;
			compatibilityVersion = "Xcode 14.0";
			developmentRegion = en;
			hasScannedForEncodings = 0;
			knownRegions = (
				en,
				Base,
			);
			mainGroup = FA3977CB2A2CA2250040741F;
			packageReferences = (
				FAD29B662A375B0500940764 /* XCRemoteSwiftPackageReference "Moya" */,
			);
			productRefGroup = FA3977D52A2CA2250040741F /* Products */;
			projectDirPath = "";
			projectRoot = "";
			targets = (
				FA3977D32A2CA2250040741F /* PositiveOne */,
			);
		};
/* End PBXProject section */

/* Begin PBXResourcesBuildPhase section */
		FA3977D22A2CA2250040741F /* Resources */ = {
			isa = PBXResourcesBuildPhase;
			buildActionMask = 2147483647;
			files = (
				FA3977FE2A2CA3060040741F /* PretendardBlack.otf in Resources */,
				FA3977F52A2CA3060040741F /* gangwon.otf in Resources */,
				FA3977FD2A2CA3060040741F /* PretendardThin.otf in Resources */,
				FA3977F62A2CA3060040741F /* PretendardSemiBold.otf in Resources */,
				FA3977F92A2CA3060040741F /* PretendardExtraLight.otf in Resources */,
				FA3977F72A2CA3060040741F /* PretendardLight.otf in Resources */,
				FA3977DF2A2CA2270040741F /* Preview Assets.xcassets in Resources */,
				FA3977FF2A2CA3060040741F /* PretendardRegular.otf in Resources */,
				FA3977FB2A2CA3060040741F /* PretendardMedium.otf in Resources */,
				FA3977FC2A2CA3060040741F /* PretendardBold.otf in Resources */,
				FA3977F82A2CA3060040741F /* PretendardExtraBold.otf in Resources */,
				FA3977DC2A2CA2270040741F /* Assets.xcassets in Resources */,
			);
			runOnlyForDeploymentPostprocessing = 0;
		};
/* End PBXResourcesBuildPhase section */

/* Begin PBXSourcesBuildPhase section */
		FA3977D02A2CA2250040741F /* Sources */ = {
			isa = PBXSourcesBuildPhase;
			buildActionMask = 2147483647;
			files = (
				FA40B97C2A3F1E250044FEFB /* PositiveOneResponse.swift in Sources */,
				FAF4C9732A41EB85004F6F1A /* SortingType.swift in Sources */,
				FA73FC392A3374BD007A3DCF /* AppleLoginRequest.swift in Sources */,
				FA77D7032A31BC3000D4AF13 /* CalendarView.swift in Sources */,
				FA7F5B4B2A2CB3600045528D /* LoginView.swift in Sources */,
				FA43BA5D2A3DE73000F8D5E2 /* LoginPopupView.swift in Sources */,
				FA43BA5A2A3C711A00F8D5E2 /* NavigationBackItem.swift in Sources */,
				FA3977DA2A2CA2250040741F /* ContentView.swift in Sources */,
				FA3977FA2A2CA3060040741F /* CustomFont.swift in Sources */,
				FA57DE1A2A3EFEFD005EBEF8 /* CalendarListResponse.swift in Sources */,
				FA43BA622A3EF09600F8D5E2 /* KeyChain.swift in Sources */,
				FA8CA61B2A496A81005A6709 /* ReportAndHidePopupView.swift in Sources */,
				FA43BA5F2A3EBA4900F8D5E2 /* View+Extension.swift in Sources */,
				FA418D4D2A38647B003A8D51 /* SettingsView.swift in Sources */,
				FA41D3FE2A3FF272009822EE /* BoardResponse.swift in Sources */,
				FAD29B652A37570500940764 /* FeedResponse.swift in Sources */,
				FA43BA642A3EF2BD00F8D5E2 /* LocalKey.swift in Sources */,
				FA77D7092A31DB5A00D4AF13 /* FeedView.swift in Sources */,
				FA41D4002A3FF7FD009822EE /* HapticManager.swift in Sources */,
				FA43BA582A3C327A00F8D5E2 /* MyPositiveOneView.swift in Sources */,
				FA4C72272A3ACD53009D9E4F /* LockView.swift in Sources */,
				FA6485FB2A3A955C009FD5AA /* TextEditorView.swift in Sources */,
				FA40B97A2A3F1D040044FEFB /* WritingViewModel.swift in Sources */,
				FA3977E92A2CA2E60040741F /* Color+Extension.swift in Sources */,
				FA40B9772A3F13B30044FEFB /* CalendarRequest.swift in Sources */,
				FA77D7012A31B60200D4AF13 /* CalendarCell.swift in Sources */,
				FA4C722E2A3B05BA009D9E4F /* CalendarGridView.swift in Sources */,
				FA4C722A2A3ADB83009D9E4F /* UIApplication+Extension.swift in Sources */,
				FA6485FD2A3AA840009FD5AA /* StampSelectView.swift in Sources */,
				FA77D6F72A31772300D4AF13 /* TabbarView.swift in Sources */,
				FAD29B632A3741CB00940764 /* FeedRowView.swift in Sources */,
				FA8CA61F2A499959005A6709 /* ReportType.swift in Sources */,
				FAD29B5A2A3702AB00940764 /* Encodable+Extension.swift in Sources */,
				FA57DE172A3EFE6A005EBEF8 /* CalendarViewModel.swift in Sources */,
				FA6486002A3AA94F009FD5AA /* PositiveOneType.swift in Sources */,
				FA6282662A32FEA900DC7BCB /* LoginViewModel.swift in Sources */,
				FA43BA562A3C1BC200F8D5E2 /* CustomTabView.swift in Sources */,
				FA418D502A38B215003A8D51 /* WritingView.swift in Sources */,
				FAD29B5C2A37045D00940764 /* AppleLoginResponse.swift in Sources */,
				FA77D6FF2A31B07A00D4AF13 /* CalendarManager.swift in Sources */,
				FAF4C9772A41F128004F6F1A /* FeedViewModel.swift in Sources */,
				FA73FC362A3365BF007A3DCF /* PositiveOneAPI.swift in Sources */,
				FA3977D82A2CA2250040741F /* PositiveOneApp.swift in Sources */,
				FA77D7052A31D47300D4AF13 /* MonthTopView.swift in Sources */,
				FA4C722C2A3AE2E3009D9E4F /* BigStampView.swift in Sources */,
				FA7F5B492A2CAF930045528D /* LoginCharacterView.swift in Sources */,
				FA8CA61D2A499924005A6709 /* HidePopupView.swift in Sources */,
			);
			runOnlyForDeploymentPostprocessing = 0;
		};
/* End PBXSourcesBuildPhase section */

/* Begin XCBuildConfiguration section */
		FA3977E02A2CA2270040741F /* Debug */ = {
			isa = XCBuildConfiguration;
			buildSettings = {
				ALWAYS_SEARCH_USER_PATHS = NO;
				CLANG_ANALYZER_NONNULL = YES;
				CLANG_ANALYZER_NUMBER_OBJECT_CONVERSION = YES_AGGRESSIVE;
				CLANG_CXX_LANGUAGE_STANDARD = "gnu++20";
				CLANG_ENABLE_MODULES = YES;
				CLANG_ENABLE_OBJC_ARC = YES;
				CLANG_ENABLE_OBJC_WEAK = YES;
				CLANG_WARN_BLOCK_CAPTURE_AUTORELEASING = YES;
				CLANG_WARN_BOOL_CONVERSION = YES;
				CLANG_WARN_COMMA = YES;
				CLANG_WARN_CONSTANT_CONVERSION = YES;
				CLANG_WARN_DEPRECATED_OBJC_IMPLEMENTATIONS = YES;
				CLANG_WARN_DIRECT_OBJC_ISA_USAGE = YES_ERROR;
				CLANG_WARN_DOCUMENTATION_COMMENTS = YES;
				CLANG_WARN_EMPTY_BODY = YES;
				CLANG_WARN_ENUM_CONVERSION = YES;
				CLANG_WARN_INFINITE_RECURSION = YES;
				CLANG_WARN_INT_CONVERSION = YES;
				CLANG_WARN_NON_LITERAL_NULL_CONVERSION = YES;
				CLANG_WARN_OBJC_IMPLICIT_RETAIN_SELF = YES;
				CLANG_WARN_OBJC_LITERAL_CONVERSION = YES;
				CLANG_WARN_OBJC_ROOT_CLASS = YES_ERROR;
				CLANG_WARN_QUOTED_INCLUDE_IN_FRAMEWORK_HEADER = YES;
				CLANG_WARN_RANGE_LOOP_ANALYSIS = YES;
				CLANG_WARN_STRICT_PROTOTYPES = YES;
				CLANG_WARN_SUSPICIOUS_MOVE = YES;
				CLANG_WARN_UNGUARDED_AVAILABILITY = YES_AGGRESSIVE;
				CLANG_WARN_UNREACHABLE_CODE = YES;
				CLANG_WARN__DUPLICATE_METHOD_MATCH = YES;
				COPY_PHASE_STRIP = NO;
				DEBUG_INFORMATION_FORMAT = dwarf;
				ENABLE_STRICT_OBJC_MSGSEND = YES;
				ENABLE_TESTABILITY = YES;
				GCC_C_LANGUAGE_STANDARD = gnu11;
				GCC_DYNAMIC_NO_PIC = NO;
				GCC_NO_COMMON_BLOCKS = YES;
				GCC_OPTIMIZATION_LEVEL = 0;
				GCC_PREPROCESSOR_DEFINITIONS = (
					"DEBUG=1",
					"$(inherited)",
				);
				GCC_WARN_64_TO_32_BIT_CONVERSION = YES;
				GCC_WARN_ABOUT_RETURN_TYPE = YES_ERROR;
				GCC_WARN_UNDECLARED_SELECTOR = YES;
				GCC_WARN_UNINITIALIZED_AUTOS = YES_AGGRESSIVE;
				GCC_WARN_UNUSED_FUNCTION = YES;
				GCC_WARN_UNUSED_VARIABLE = YES;
				IPHONEOS_DEPLOYMENT_TARGET = 16.2;
				MTL_ENABLE_DEBUG_INFO = INCLUDE_SOURCE;
				MTL_FAST_MATH = YES;
				ONLY_ACTIVE_ARCH = YES;
				SDKROOT = iphoneos;
				SWIFT_ACTIVE_COMPILATION_CONDITIONS = DEBUG;
				SWIFT_OPTIMIZATION_LEVEL = "-Onone";
			};
			name = Debug;
		};
		FA3977E12A2CA2270040741F /* Release */ = {
			isa = XCBuildConfiguration;
			buildSettings = {
				ALWAYS_SEARCH_USER_PATHS = NO;
				CLANG_ANALYZER_NONNULL = YES;
				CLANG_ANALYZER_NUMBER_OBJECT_CONVERSION = YES_AGGRESSIVE;
				CLANG_CXX_LANGUAGE_STANDARD = "gnu++20";
				CLANG_ENABLE_MODULES = YES;
				CLANG_ENABLE_OBJC_ARC = YES;
				CLANG_ENABLE_OBJC_WEAK = YES;
				CLANG_WARN_BLOCK_CAPTURE_AUTORELEASING = YES;
				CLANG_WARN_BOOL_CONVERSION = YES;
				CLANG_WARN_COMMA = YES;
				CLANG_WARN_CONSTANT_CONVERSION = YES;
				CLANG_WARN_DEPRECATED_OBJC_IMPLEMENTATIONS = YES;
				CLANG_WARN_DIRECT_OBJC_ISA_USAGE = YES_ERROR;
				CLANG_WARN_DOCUMENTATION_COMMENTS = YES;
				CLANG_WARN_EMPTY_BODY = YES;
				CLANG_WARN_ENUM_CONVERSION = YES;
				CLANG_WARN_INFINITE_RECURSION = YES;
				CLANG_WARN_INT_CONVERSION = YES;
				CLANG_WARN_NON_LITERAL_NULL_CONVERSION = YES;
				CLANG_WARN_OBJC_IMPLICIT_RETAIN_SELF = YES;
				CLANG_WARN_OBJC_LITERAL_CONVERSION = YES;
				CLANG_WARN_OBJC_ROOT_CLASS = YES_ERROR;
				CLANG_WARN_QUOTED_INCLUDE_IN_FRAMEWORK_HEADER = YES;
				CLANG_WARN_RANGE_LOOP_ANALYSIS = YES;
				CLANG_WARN_STRICT_PROTOTYPES = YES;
				CLANG_WARN_SUSPICIOUS_MOVE = YES;
				CLANG_WARN_UNGUARDED_AVAILABILITY = YES_AGGRESSIVE;
				CLANG_WARN_UNREACHABLE_CODE = YES;
				CLANG_WARN__DUPLICATE_METHOD_MATCH = YES;
				COPY_PHASE_STRIP = NO;
				DEBUG_INFORMATION_FORMAT = "dwarf-with-dsym";
				ENABLE_NS_ASSERTIONS = NO;
				ENABLE_STRICT_OBJC_MSGSEND = YES;
				GCC_C_LANGUAGE_STANDARD = gnu11;
				GCC_NO_COMMON_BLOCKS = YES;
				GCC_WARN_64_TO_32_BIT_CONVERSION = YES;
				GCC_WARN_ABOUT_RETURN_TYPE = YES_ERROR;
				GCC_WARN_UNDECLARED_SELECTOR = YES;
				GCC_WARN_UNINITIALIZED_AUTOS = YES_AGGRESSIVE;
				GCC_WARN_UNUSED_FUNCTION = YES;
				GCC_WARN_UNUSED_VARIABLE = YES;
				IPHONEOS_DEPLOYMENT_TARGET = 16.2;
				MTL_ENABLE_DEBUG_INFO = NO;
				MTL_FAST_MATH = YES;
				SDKROOT = iphoneos;
				SWIFT_COMPILATION_MODE = wholemodule;
				SWIFT_OPTIMIZATION_LEVEL = "-O";
				VALIDATE_PRODUCT = YES;
			};
			name = Release;
		};
		FA3977E32A2CA2270040741F /* Debug */ = {
			isa = XCBuildConfiguration;
			buildSettings = {
				ASSETCATALOG_COMPILER_APPICON_NAME = AppIcon;
				ASSETCATALOG_COMPILER_GLOBAL_ACCENT_COLOR_NAME = AccentColor;
				CODE_SIGN_ENTITLEMENTS = PositiveOne/PositiveOne.entitlements;
				CODE_SIGN_STYLE = Automatic;
				CURRENT_PROJECT_VERSION = 1;
				DEVELOPMENT_ASSET_PATHS = "\"PositiveOne/Preview Content\"";
				DEVELOPMENT_TEAM = 9738W25PF4;
				ENABLE_PREVIEWS = YES;
				GENERATE_INFOPLIST_FILE = YES;
				INFOPLIST_FILE = PositiveOne/Info.plist;
				INFOPLIST_KEY_UIApplicationSceneManifest_Generation = YES;
				INFOPLIST_KEY_UIApplicationSupportsIndirectInputEvents = YES;
				INFOPLIST_KEY_UILaunchScreen_Generation = YES;
				INFOPLIST_KEY_UISupportedInterfaceOrientations_iPad = "UIInterfaceOrientationPortrait UIInterfaceOrientationPortraitUpsideDown UIInterfaceOrientationLandscapeLeft UIInterfaceOrientationLandscapeRight";
				INFOPLIST_KEY_UISupportedInterfaceOrientations_iPhone = "UIInterfaceOrientationPortrait UIInterfaceOrientationLandscapeLeft UIInterfaceOrientationLandscapeRight";
				INFOPLIST_KEY_UIUserInterfaceStyle = Light;
				IPHONEOS_DEPLOYMENT_TARGET = 16.0;
				LD_RUNPATH_SEARCH_PATHS = (
					"$(inherited)",
					"@executable_path/Frameworks",
				);
				MARKETING_VERSION = 1.0;
				PRODUCT_BUNDLE_IDENTIFIER = LimYoungSun.PositiveOne;
				PRODUCT_NAME = "$(TARGET_NAME)";
				SWIFT_EMIT_LOC_STRINGS = YES;
				SWIFT_VERSION = 5.0;
				TARGETED_DEVICE_FAMILY = "1,2";
			};
			name = Debug;
		};
		FA3977E42A2CA2270040741F /* Release */ = {
			isa = XCBuildConfiguration;
			buildSettings = {
				ASSETCATALOG_COMPILER_APPICON_NAME = AppIcon;
				ASSETCATALOG_COMPILER_GLOBAL_ACCENT_COLOR_NAME = AccentColor;
				CODE_SIGN_ENTITLEMENTS = PositiveOne/PositiveOne.entitlements;
				CODE_SIGN_STYLE = Automatic;
				CURRENT_PROJECT_VERSION = 1;
				DEVELOPMENT_ASSET_PATHS = "\"PositiveOne/Preview Content\"";
				DEVELOPMENT_TEAM = 9738W25PF4;
				ENABLE_PREVIEWS = YES;
				GENERATE_INFOPLIST_FILE = YES;
				INFOPLIST_FILE = PositiveOne/Info.plist;
				INFOPLIST_KEY_UIApplicationSceneManifest_Generation = YES;
				INFOPLIST_KEY_UIApplicationSupportsIndirectInputEvents = YES;
				INFOPLIST_KEY_UILaunchScreen_Generation = YES;
				INFOPLIST_KEY_UISupportedInterfaceOrientations_iPad = "UIInterfaceOrientationPortrait UIInterfaceOrientationPortraitUpsideDown UIInterfaceOrientationLandscapeLeft UIInterfaceOrientationLandscapeRight";
				INFOPLIST_KEY_UISupportedInterfaceOrientations_iPhone = "UIInterfaceOrientationPortrait UIInterfaceOrientationLandscapeLeft UIInterfaceOrientationLandscapeRight";
				INFOPLIST_KEY_UIUserInterfaceStyle = Light;
				IPHONEOS_DEPLOYMENT_TARGET = 16.0;
				LD_RUNPATH_SEARCH_PATHS = (
					"$(inherited)",
					"@executable_path/Frameworks",
				);
				MARKETING_VERSION = 1.0;
				PRODUCT_BUNDLE_IDENTIFIER = LimYoungSun.PositiveOne;
				PRODUCT_NAME = "$(TARGET_NAME)";
				SWIFT_EMIT_LOC_STRINGS = YES;
				SWIFT_VERSION = 5.0;
				TARGETED_DEVICE_FAMILY = "1,2";
			};
			name = Release;
		};
/* End XCBuildConfiguration section */

/* Begin XCConfigurationList section */
		FA3977CF2A2CA2250040741F /* Build configuration list for PBXProject "PositiveOne" */ = {
			isa = XCConfigurationList;
			buildConfigurations = (
				FA3977E02A2CA2270040741F /* Debug */,
				FA3977E12A2CA2270040741F /* Release */,
			);
			defaultConfigurationIsVisible = 0;
			defaultConfigurationName = Release;
		};
		FA3977E22A2CA2270040741F /* Build configuration list for PBXNativeTarget "PositiveOne" */ = {
			isa = XCConfigurationList;
			buildConfigurations = (
				FA3977E32A2CA2270040741F /* Debug */,
				FA3977E42A2CA2270040741F /* Release */,
			);
			defaultConfigurationIsVisible = 0;
			defaultConfigurationName = Release;
		};
/* End XCConfigurationList section */

/* Begin XCRemoteSwiftPackageReference section */
		FAD29B662A375B0500940764 /* XCRemoteSwiftPackageReference "Moya" */ = {
			isa = XCRemoteSwiftPackageReference;
			repositoryURL = "https://github.com/Moya/Moya.git";
			requirement = {
				branch = master;
				kind = branch;
			};
		};
/* End XCRemoteSwiftPackageReference section */

/* Begin XCSwiftPackageProductDependency section */
		FAD29B672A375B0500940764 /* Moya */ = {
			isa = XCSwiftPackageProductDependency;
			package = FAD29B662A375B0500940764 /* XCRemoteSwiftPackageReference "Moya" */;
			productName = Moya;
		};
/* End XCSwiftPackageProductDependency section */
	};
	rootObject = FA3977CC2A2CA2250040741F /* Project object */;
}
