// !$*UTF8*$!
{
	archiveVersion = 1;
	classes = {
	};
	objectVersion = 56;
	objects = {

/* Begin PBXBuildFile section */
		FA3977592A2C5B170040741F /* Extension+Color.swift in Sources */ = {isa = PBXBuildFile; fileRef = FA3977582A2C5B170040741F /* Extension+Color.swift */; };
		FA6BDB9E2A2B8FF500FE7169 /* PositiveOneApp.swift in Sources */ = {isa = PBXBuildFile; fileRef = FA6BDB9D2A2B8FF500FE7169 /* PositiveOneApp.swift */; };
		FA6BDBA02A2B8FF500FE7169 /* ContentView.swift in Sources */ = {isa = PBXBuildFile; fileRef = FA6BDB9F2A2B8FF500FE7169 /* ContentView.swift */; };
		FA6BDBA22A2B8FF700FE7169 /* Assets.xcassets in Resources */ = {isa = PBXBuildFile; fileRef = FA6BDBA12A2B8FF700FE7169 /* Assets.xcassets */; };
		FA6BDBA52A2B8FF700FE7169 /* Preview Assets.xcassets in Resources */ = {isa = PBXBuildFile; fileRef = FA6BDBA42A2B8FF700FE7169 /* Preview Assets.xcassets */; };
/* End PBXBuildFile section */

/* Begin PBXFileReference section */
		FA3977582A2C5B170040741F /* Extension+Color.swift */ = {isa = PBXFileReference; lastKnownFileType = sourcecode.swift; path = "Extension+Color.swift"; sourceTree = "<group>"; };
		FA6BDB9A2A2B8FF500FE7169 /* PositiveOne.app */ = {isa = PBXFileReference; explicitFileType = wrapper.application; includeInIndex = 0; path = PositiveOne.app; sourceTree = BUILT_PRODUCTS_DIR; };
		FA6BDB9D2A2B8FF500FE7169 /* PositiveOneApp.swift */ = {isa = PBXFileReference; lastKnownFileType = sourcecode.swift; path = PositiveOneApp.swift; sourceTree = "<group>"; };
		FA6BDB9F2A2B8FF500FE7169 /* ContentView.swift */ = {isa = PBXFileReference; lastKnownFileType = sourcecode.swift; path = ContentView.swift; sourceTree = "<group>"; };
		FA6BDBA12A2B8FF700FE7169 /* Assets.xcassets */ = {isa = PBXFileReference; lastKnownFileType = folder.assetcatalog; path = Assets.xcassets; sourceTree = "<group>"; };
		FA6BDBA42A2B8FF700FE7169 /* Preview Assets.xcassets */ = {isa = PBXFileReference; lastKnownFileType = folder.assetcatalog; path = "Preview Assets.xcassets"; sourceTree = "<group>"; };
		FA6BDBA62A2B8FF700FE7169 /* PositiveOne.entitlements */ = {isa = PBXFileReference; lastKnownFileType = text.plist.entitlements; path = PositiveOne.entitlements; sourceTree = "<group>"; };
/* End PBXFileReference section */

/* Begin PBXFrameworksBuildPhase section */
		FA6BDB972A2B8FF500FE7169 /* Frameworks */ = {
			isa = PBXFrameworksBuildPhase;
			buildActionMask = 2147483647;
			files = (
			);
			runOnlyForDeploymentPostprocessing = 0;
		};
/* End PBXFrameworksBuildPhase section */

/* Begin PBXGroup section */
		FA3977542A2C581D0040741F /* Resources */ = {
			isa = PBXGroup;
			children = (
				FA3977572A2C5B040040741F /* Extensions */,
				FA6BDBA12A2B8FF700FE7169 /* Assets.xcassets */,
				FA3977552A2C584A0040741F /* Fonts */,
			);
			path = Resources;
			sourceTree = "<group>";
		};
		FA3977552A2C584A0040741F /* Fonts */ = {
			isa = PBXGroup;
			children = (
			);
			path = Fonts;
			sourceTree = "<group>";
		};
		FA3977562A2C58650040741F /* Login */ = {
			isa = PBXGroup;
			children = (
			);
			path = Login;
			sourceTree = "<group>";
		};
		FA3977572A2C5B040040741F /* Extensions */ = {
			isa = PBXGroup;
			children = (
				FA3977582A2C5B170040741F /* Extension+Color.swift */,
			);
			path = Extensions;
			sourceTree = "<group>";
		};
		FA6BDB912A2B8FF500FE7169 = {
			isa = PBXGroup;
			children = (
				FA6BDB9C2A2B8FF500FE7169 /* PositiveOne */,
				FA6BDB9B2A2B8FF500FE7169 /* Products */,
			);
			sourceTree = "<group>";
		};
		FA6BDB9B2A2B8FF500FE7169 /* Products */ = {
			isa = PBXGroup;
			children = (
				FA6BDB9A2A2B8FF500FE7169 /* PositiveOne.app */,
			);
			name = Products;
			sourceTree = "<group>";
		};
		FA6BDB9C2A2B8FF500FE7169 /* PositiveOne */ = {
			isa = PBXGroup;
			children = (
				FA6BDBA32A2B8FF700FE7169 /* Preview Content */,
				FA6BDBA62A2B8FF700FE7169 /* PositiveOne.entitlements */,
				FA6BDB9D2A2B8FF500FE7169 /* PositiveOneApp.swift */,
				FA6BDB9F2A2B8FF500FE7169 /* ContentView.swift */,
				FA3977562A2C58650040741F /* Login */,
				FA3977542A2C581D0040741F /* Resources */,
			);
			path = PositiveOne;
			sourceTree = "<group>";
		};
		FA6BDBA32A2B8FF700FE7169 /* Preview Content */ = {
			isa = PBXGroup;
			children = (
				FA6BDBA42A2B8FF700FE7169 /* Preview Assets.xcassets */,
			);
			path = "Preview Content";
			sourceTree = "<group>";
		};
/* End PBXGroup section */

/* Begin PBXNativeTarget section */
		FA6BDB992A2B8FF500FE7169 /* PositiveOne */ = {
			isa = PBXNativeTarget;
			buildConfigurationList = FA6BDBA92A2B8FF700FE7169 /* Build configuration list for PBXNativeTarget "PositiveOne" */;
			buildPhases = (
				FA6BDB962A2B8FF500FE7169 /* Sources */,
				FA6BDB972A2B8FF500FE7169 /* Frameworks */,
				FA6BDB982A2B8FF500FE7169 /* Resources */,
			);
			buildRules = (
			);
			dependencies = (
			);
			name = PositiveOne;
			productName = PositiveOne;
			productReference = FA6BDB9A2A2B8FF500FE7169 /* PositiveOne.app */;
			productType = "com.apple.product-type.application";
		};
/* End PBXNativeTarget section */

/* Begin PBXProject section */
		FA6BDB922A2B8FF500FE7169 /* Project object */ = {
			isa = PBXProject;
			attributes = {
				BuildIndependentTargetsInParallel = 1;
				LastSwiftUpdateCheck = 1420;
				LastUpgradeCheck = 1420;
				TargetAttributes = {
					FA6BDB992A2B8FF500FE7169 = {
						CreatedOnToolsVersion = 14.2;
					};
				};
			};
			buildConfigurationList = FA6BDB952A2B8FF500FE7169 /* Build configuration list for PBXProject "PositiveOne" */;
			compatibilityVersion = "Xcode 14.0";
			developmentRegion = en;
			hasScannedForEncodings = 0;
			knownRegions = (
				en,
				Base,
			);
			mainGroup = FA6BDB912A2B8FF500FE7169;
			productRefGroup = FA6BDB9B2A2B8FF500FE7169 /* Products */;
			projectDirPath = "";
			projectRoot = "";
			targets = (
				FA6BDB992A2B8FF500FE7169 /* PositiveOne */,
			);
		};
/* End PBXProject section */

/* Begin PBXResourcesBuildPhase section */
		FA6BDB982A2B8FF500FE7169 /* Resources */ = {
			isa = PBXResourcesBuildPhase;
			buildActionMask = 2147483647;
			files = (
				FA6BDBA52A2B8FF700FE7169 /* Preview Assets.xcassets in Resources */,
				FA6BDBA22A2B8FF700FE7169 /* Assets.xcassets in Resources */,
			);
			runOnlyForDeploymentPostprocessing = 0;
		};
/* End PBXResourcesBuildPhase section */

/* Begin PBXSourcesBuildPhase section */
		FA6BDB962A2B8FF500FE7169 /* Sources */ = {
			isa = PBXSourcesBuildPhase;
			buildActionMask = 2147483647;
			files = (
				FA6BDBA02A2B8FF500FE7169 /* ContentView.swift in Sources */,
				FA3977592A2C5B170040741F /* Extension+Color.swift in Sources */,
				FA6BDB9E2A2B8FF500FE7169 /* PositiveOneApp.swift in Sources */,
			);
			runOnlyForDeploymentPostprocessing = 0;
		};
/* End PBXSourcesBuildPhase section */

/* Begin XCBuildConfiguration section */
		FA6BDBA72A2B8FF700FE7169 /* Debug */ = {
			isa = XCBuildConfiguration;
			buildSettings = {
				ALWAYS_SEARCH_USER_PATHS = NO;
				CLANG_ANALYZER_NONNULL = YES;
				CLANG_ANALYZER_NUMBER_OBJECT_CONVERSION = YES_AGGRESSIVE;
				CLANG_CXX_LANGUAGE_STANDARD = "gnu++20";
				CLANG_ENABLE_MODULES = YES;
				CLANG_ENABLE_OBJC_ARC = YES;
				CLANG_ENABLE_OBJC_WEAK = YES;
				CLANG_WARN_BLOCK_CAPTURE_AUTORELEASING = YES;
				CLANG_WARN_BOOL_CONVERSION = YES;
				CLANG_WARN_COMMA = YES;
				CLANG_WARN_CONSTANT_CONVERSION = YES;
				CLANG_WARN_DEPRECATED_OBJC_IMPLEMENTATIONS = YES;
				CLANG_WARN_DIRECT_OBJC_ISA_USAGE = YES_ERROR;
				CLANG_WARN_DOCUMENTATION_COMMENTS = YES;
				CLANG_WARN_EMPTY_BODY = YES;
				CLANG_WARN_ENUM_CONVERSION = YES;
				CLANG_WARN_INFINITE_RECURSION = YES;
				CLANG_WARN_INT_CONVERSION = YES;
				CLANG_WARN_NON_LITERAL_NULL_CONVERSION = YES;
				CLANG_WARN_OBJC_IMPLICIT_RETAIN_SELF = YES;
				CLANG_WARN_OBJC_LITERAL_CONVERSION = YES;
				CLANG_WARN_OBJC_ROOT_CLASS = YES_ERROR;
				CLANG_WARN_QUOTED_INCLUDE_IN_FRAMEWORK_HEADER = YES;
				CLANG_WARN_RANGE_LOOP_ANALYSIS = YES;
				CLANG_WARN_STRICT_PROTOTYPES = YES;
				CLANG_WARN_SUSPICIOUS_MOVE = YES;
				CLANG_WARN_UNGUARDED_AVAILABILITY = YES_AGGRESSIVE;
				CLANG_WARN_UNREACHABLE_CODE = YES;
				CLANG_WARN__DUPLICATE_METHOD_MATCH = YES;
				COPY_PHASE_STRIP = NO;
				DEBUG_INFORMATION_FORMAT = dwarf;
				ENABLE_STRICT_OBJC_MSGSEND = YES;
				ENABLE_TESTABILITY = YES;
				GCC_C_LANGUAGE_STANDARD = gnu11;
				GCC_DYNAMIC_NO_PIC = NO;
				GCC_NO_COMMON_BLOCKS = YES;
				GCC_OPTIMIZATION_LEVEL = 0;
				GCC_PREPROCESSOR_DEFINITIONS = (
					"DEBUG=1",
					"$(inherited)",
				);
				GCC_WARN_64_TO_32_BIT_CONVERSION = YES;
				GCC_WARN_ABOUT_RETURN_TYPE = YES_ERROR;
				GCC_WARN_UNDECLARED_SELECTOR = YES;
				GCC_WARN_UNINITIALIZED_AUTOS = YES_AGGRESSIVE;
				GCC_WARN_UNUSED_FUNCTION = YES;
				GCC_WARN_UNUSED_VARIABLE = YES;
				MACOSX_DEPLOYMENT_TARGET = 12.6;
				MTL_ENABLE_DEBUG_INFO = INCLUDE_SOURCE;
				MTL_FAST_MATH = YES;
				ONLY_ACTIVE_ARCH = YES;
				SDKROOT = macosx;
				SWIFT_ACTIVE_COMPILATION_CONDITIONS = DEBUG;
				SWIFT_OPTIMIZATION_LEVEL = "-Onone";
			};
			name = Debug;
		};
		FA6BDBA82A2B8FF700FE7169 /* Release */ = {
			isa = XCBuildConfiguration;
			buildSettings = {
				ALWAYS_SEARCH_USER_PATHS = NO;
				CLANG_ANALYZER_NONNULL = YES;
				CLANG_ANALYZER_NUMBER_OBJECT_CONVERSION = YES_AGGRESSIVE;
				CLANG_CXX_LANGUAGE_STANDARD = "gnu++20";
				CLANG_ENABLE_MODULES = YES;
				CLANG_ENABLE_OBJC_ARC = YES;
				CLANG_ENABLE_OBJC_WEAK = YES;
				CLANG_WARN_BLOCK_CAPTURE_AUTORELEASING = YES;
				CLANG_WARN_BOOL_CONVERSION = YES;
				CLANG_WARN_COMMA = YES;
				CLANG_WARN_CONSTANT_CONVERSION = YES;
				CLANG_WARN_DEPRECATED_OBJC_IMPLEMENTATIONS = YES;
				CLANG_WARN_DIRECT_OBJC_ISA_USAGE = YES_ERROR;
				CLANG_WARN_DOCUMENTATION_COMMENTS = YES;
				CLANG_WARN_EMPTY_BODY = YES;
				CLANG_WARN_ENUM_CONVERSION = YES;
				CLANG_WARN_INFINITE_RECURSION = YES;
				CLANG_WARN_INT_CONVERSION = YES;
				CLANG_WARN_NON_LITERAL_NULL_CONVERSION = YES;
				CLANG_WARN_OBJC_IMPLICIT_RETAIN_SELF = YES;
				CLANG_WARN_OBJC_LITERAL_CONVERSION = YES;
				CLANG_WARN_OBJC_ROOT_CLASS = YES_ERROR;
				CLANG_WARN_QUOTED_INCLUDE_IN_FRAMEWORK_HEADER = YES;
				CLANG_WARN_RANGE_LOOP_ANALYSIS = YES;
				CLANG_WARN_STRICT_PROTOTYPES = YES;
				CLANG_WARN_SUSPICIOUS_MOVE = YES;
				CLANG_WARN_UNGUARDED_AVAILABILITY = YES_AGGRESSIVE;
				CLANG_WARN_UNREACHABLE_CODE = YES;
				CLANG_WARN__DUPLICATE_METHOD_MATCH = YES;
				COPY_PHASE_STRIP = NO;
				DEBUG_INFORMATION_FORMAT = "dwarf-with-dsym";
				ENABLE_NS_ASSERTIONS = NO;
				ENABLE_STRICT_OBJC_MSGSEND = YES;
				GCC_C_LANGUAGE_STANDARD = gnu11;
				GCC_NO_COMMON_BLOCKS = YES;
				GCC_WARN_64_TO_32_BIT_CONVERSION = YES;
				GCC_WARN_ABOUT_RETURN_TYPE = YES_ERROR;
				GCC_WARN_UNDECLARED_SELECTOR = YES;
				GCC_WARN_UNINITIALIZED_AUTOS = YES_AGGRESSIVE;
				GCC_WARN_UNUSED_FUNCTION = YES;
				GCC_WARN_UNUSED_VARIABLE = YES;
				MACOSX_DEPLOYMENT_TARGET = 12.6;
				MTL_ENABLE_DEBUG_INFO = NO;
				MTL_FAST_MATH = YES;
				SDKROOT = macosx;
				SWIFT_COMPILATION_MODE = wholemodule;
				SWIFT_OPTIMIZATION_LEVEL = "-O";
			};
			name = Release;
		};
		FA6BDBAA2A2B8FF700FE7169 /* Debug */ = {
			isa = XCBuildConfiguration;
			buildSettings = {
				ASSETCATALOG_COMPILER_APPICON_NAME = AppIcon;
				ASSETCATALOG_COMPILER_GLOBAL_ACCENT_COLOR_NAME = AccentColor;
				CODE_SIGN_ENTITLEMENTS = PositiveOne/PositiveOne.entitlements;
				CODE_SIGN_STYLE = Automatic;
				COMBINE_HIDPI_IMAGES = YES;
				CURRENT_PROJECT_VERSION = 1;
				DEVELOPMENT_ASSET_PATHS = "\"PositiveOne/Preview Content\"";
				ENABLE_PREVIEWS = YES;
				GENERATE_INFOPLIST_FILE = YES;
				INFOPLIST_KEY_NSHumanReadableCopyright = "";
				LD_RUNPATH_SEARCH_PATHS = (
					"$(inherited)",
					"@executable_path/../Frameworks",
				);
				MARKETING_VERSION = 1.0;
				PRODUCT_BUNDLE_IDENTIFIER = LimYoungSun.PositiveOne;
				PRODUCT_NAME = "$(TARGET_NAME)";
				SWIFT_EMIT_LOC_STRINGS = YES;
				SWIFT_VERSION = 5.0;
			};
			name = Debug;
		};
		FA6BDBAB2A2B8FF700FE7169 /* Release */ = {
			isa = XCBuildConfiguration;
			buildSettings = {
				ASSETCATALOG_COMPILER_APPICON_NAME = AppIcon;
				ASSETCATALOG_COMPILER_GLOBAL_ACCENT_COLOR_NAME = AccentColor;
				CODE_SIGN_ENTITLEMENTS = PositiveOne/PositiveOne.entitlements;
				CODE_SIGN_STYLE = Automatic;
				COMBINE_HIDPI_IMAGES = YES;
				CURRENT_PROJECT_VERSION = 1;
				DEVELOPMENT_ASSET_PATHS = "\"PositiveOne/Preview Content\"";
				ENABLE_PREVIEWS = YES;
				GENERATE_INFOPLIST_FILE = YES;
				INFOPLIST_KEY_NSHumanReadableCopyright = "";
				LD_RUNPATH_SEARCH_PATHS = (
					"$(inherited)",
					"@executable_path/../Frameworks",
				);
				MARKETING_VERSION = 1.0;
				PRODUCT_BUNDLE_IDENTIFIER = LimYoungSun.PositiveOne;
				PRODUCT_NAME = "$(TARGET_NAME)";
				SWIFT_EMIT_LOC_STRINGS = YES;
				SWIFT_VERSION = 5.0;
			};
			name = Release;
		};
/* End XCBuildConfiguration section */

/* Begin XCConfigurationList section */
		FA6BDB952A2B8FF500FE7169 /* Build configuration list for PBXProject "PositiveOne" */ = {
			isa = XCConfigurationList;
			buildConfigurations = (
				FA6BDBA72A2B8FF700FE7169 /* Debug */,
				FA6BDBA82A2B8FF700FE7169 /* Release */,
			);
			defaultConfigurationIsVisible = 0;
			defaultConfigurationName = Release;
		};
		FA6BDBA92A2B8FF700FE7169 /* Build configuration list for PBXNativeTarget "PositiveOne" */ = {
			isa = XCConfigurationList;
			buildConfigurations = (
				FA6BDBAA2A2B8FF700FE7169 /* Debug */,
				FA6BDBAB2A2B8FF700FE7169 /* Release */,
			);
			defaultConfigurationIsVisible = 0;
			defaultConfigurationName = Release;
		};
/* End XCConfigurationList section */
	};
	rootObject = FA6BDB922A2B8FF500FE7169 /* Project object */;
}
